
Microsoft Visual Studio Solution File, Format Version 12.00
# Visual Studio Version 17
VisualStudioVersion = 17.7.34031.279
MinimumVisualStudioVersion = 10.0.40219.1
Project("{8BC9CEB8-8B4A-11D0-8D11-00A0C91BC942}") = "byfron_bypass", "byfron_bypass\byfron_bypass.vcxproj", "{3EAE05CA-02C4-4D92-A63F-5B950E1B1CBD}"
EndProject
Global
	GlobalSection(SolutionConfigurationPlatforms) = preSolution
		Debug|x64 = Debug|x64
		Debug|x86 = Debug|x86
		Release|x64 = Release|x64
		Release|x86 = Release|x86
	EndGlobalSection
	GlobalSection(ProjectConfigurationPlatforms) = postSolution
		{3EAE05CA-02C4-4D92-A63F-5B950E1B1CBD}.Debug|x64.ActiveCfg = Debug|x64
		{3EAE05CA-02C4-4D92-A63F-5B950E1B1CBD}.Debug|x64.Build.0 = Debug|x64
		{3EAE05CA-02C4-4D92-A63F-5B950E1B1CBD}.Debug|x86.ActiveCfg = Debug|Win32
		{3EAE05CA-02C4-4D92-A63F-5B950E1B1CBD}.Debug|x86.Build.0 = Debug|Win32
		{3EAE05CA-02C4-4D92-A63F-5B950E1B1CBD}.Release|x64.ActiveCfg = Release|x64
		{3EAE05CA-02C4-4D92-A63F-5B950E1B1CBD}.Release|x64.Build.0 = Release|x64
		{3EAE05CA-02C4-4D92-A63F-5B950E1B1CBD}.Release|x86.ActiveCfg = Release|Win32
		{3EAE05CA-02C4-4D92-A63F-5B950E1B1CBD}.Release|x86.Build.0 = Release|Win32
	EndGlobalSection
	GlobalSection(SolutionProperties) = preSolution
		HideSolutionNode = FALSE
	EndGlobalSection
	GlobalSection(ExtensibilityGlobals) = postSolution
		SolutionGuid = {C6B84170-B454-4EF5-845E-508239E387A6}
	EndGlobalSection
EndGlobal
